// !$*UTF8*$!
{
	archiveVersion = 1;
	classes = {
	};
	objectVersion = 51;
	objects = {

/* Begin PBXBuildFile section */
		6746007524727E860070A024 /* SingUpViewController.swift in Sources */ = {isa = PBXBuildFile; fileRef = 6746007424727E860070A024 /* SingUpViewController.swift */; };
		6746007724727EA40070A024 /* LoginViewController.swift in Sources */ = {isa = PBXBuildFile; fileRef = 6746007624727EA40070A024 /* LoginViewController.swift */; };
		6746007924727EC00070A024 /* HomeViewController.swift in Sources */ = {isa = PBXBuildFile; fileRef = 6746007824727EC00070A024 /* HomeViewController.swift */; };
		6746007C2472860D0070A024 /* Utilities.swift in Sources */ = {isa = PBXBuildFile; fileRef = 6746007B2472860D0070A024 /* Utilities.swift */; };
		6746007F24728C2A0070A024 /* GoogleService-Info.plist in Resources */ = {isa = PBXBuildFile; fileRef = 6746007E24728C2A0070A024 /* GoogleService-Info.plist */; };
		674600812472A8A70070A024 /* constante.swift in Sources */ = {isa = PBXBuildFile; fileRef = 674600802472A8A70070A024 /* constante.swift */; };
		67460085247555600070A024 /* loginbg.mp4 in Resources */ = {isa = PBXBuildFile; fileRef = 674600842475555F0070A024 /* loginbg.mp4 */; };
		6746B40024727D010001504F /* AppDelegate.swift in Sources */ = {isa = PBXBuildFile; fileRef = 6746B3FF24727D010001504F /* AppDelegate.swift */; };
		6746B40224727D010001504F /* SceneDelegate.swift in Sources */ = {isa = PBXBuildFile; fileRef = 6746B40124727D010001504F /* SceneDelegate.swift */; };
		6746B40424727D010001504F /* ViewController.swift in Sources */ = {isa = PBXBuildFile; fileRef = 6746B40324727D010001504F /* ViewController.swift */; };
		6746B40724727D010001504F /* Main.storyboard in Resources */ = {isa = PBXBuildFile; fileRef = 6746B40524727D010001504F /* Main.storyboard */; };
		6746B40924727D0A0001504F /* Assets.xcassets in Resources */ = {isa = PBXBuildFile; fileRef = 6746B40824727D0A0001504F /* Assets.xcassets */; };
		6746B40C24727D0A0001504F /* LaunchScreen.storyboard in Resources */ = {isa = PBXBuildFile; fileRef = 6746B40A24727D0A0001504F /* LaunchScreen.storyboard */; };
		8EB04F77146C176B80A5D965 /* Pods_loginPage.framework in Frameworks */ = {isa = PBXBuildFile; fileRef = 4C48BC658A3C29A6D3BA4F98 /* Pods_loginPage.framework */; };
/* End PBXBuildFile section */

/* Begin PBXFileReference section */
		30C8AC7113B2DE451AEE5877 /* Pods-loginPage.debug.xcconfig */ = {isa = PBXFileReference; includeInIndex = 1; lastKnownFileType = text.xcconfig; name = "Pods-loginPage.debug.xcconfig"; path = "Target Support Files/Pods-loginPage/Pods-loginPage.debug.xcconfig"; sourceTree = "<group>"; };
		4C48BC658A3C29A6D3BA4F98 /* Pods_loginPage.framework */ = {isa = PBXFileReference; explicitFileType = wrapper.framework; includeInIndex = 0; path = Pods_loginPage.framework; sourceTree = BUILT_PRODUCTS_DIR; };
		6746007424727E860070A024 /* SingUpViewController.swift */ = {isa = PBXFileReference; lastKnownFileType = sourcecode.swift; path = SingUpViewController.swift; sourceTree = "<group>"; };
		6746007624727EA40070A024 /* LoginViewController.swift */ = {isa = PBXFileReference; lastKnownFileType = sourcecode.swift; path = LoginViewController.swift; sourceTree = "<group>"; };
		6746007824727EC00070A024 /* HomeViewController.swift */ = {isa = PBXFileReference; lastKnownFileType = sourcecode.swift; path = HomeViewController.swift; sourceTree = "<group>"; };
		6746007B2472860D0070A024 /* Utilities.swift */ = {isa = PBXFileReference; fileEncoding = 4; lastKnownFileType = sourcecode.swift; path = Utilities.swift; sourceTree = "<group>"; };
		6746007E24728C2A0070A024 /* GoogleService-Info.plist */ = {isa = PBXFileReference; fileEncoding = 4; lastKnownFileType = text.plist.xml; path = "GoogleService-Info.plist"; sourceTree = "<group>"; };
		674600802472A8A70070A024 /* constante.swift */ = {isa = PBXFileReference; lastKnownFileType = sourcecode.swift; path = constante.swift; sourceTree = "<group>"; };
		67460083247552E80070A024 /* loginbg.mp4 */ = {isa = PBXFileReference; lastKnownFileType = file; path = loginbg.mp4; sourceTree = "<group>"; };
		674600842475555F0070A024 /* loginbg.mp4 */ = {isa = PBXFileReference; lastKnownFileType = file; path = loginbg.mp4; sourceTree = "<group>"; };
		6746B3FC24727D010001504F /* loginPage.app */ = {isa = PBXFileReference; explicitFileType = wrapper.application; includeInIndex = 0; path = loginPage.app; sourceTree = BUILT_PRODUCTS_DIR; };
		6746B3FF24727D010001504F /* AppDelegate.swift */ = {isa = PBXFileReference; lastKnownFileType = sourcecode.swift; path = AppDelegate.swift; sourceTree = "<group>"; };
		6746B40124727D010001504F /* SceneDelegate.swift */ = {isa = PBXFileReference; lastKnownFileType = sourcecode.swift; path = SceneDelegate.swift; sourceTree = "<group>"; };
		6746B40324727D010001504F /* ViewController.swift */ = {isa = PBXFileReference; lastKnownFileType = sourcecode.swift; path = ViewController.swift; sourceTree = "<group>"; };
		6746B40624727D010001504F /* Base */ = {isa = PBXFileReference; lastKnownFileType = file.storyboard; name = Base; path = Base.lproj/Main.storyboard; sourceTree = "<group>"; };
		6746B40824727D0A0001504F /* Assets.xcassets */ = {isa = PBXFileReference; lastKnownFileType = folder.assetcatalog; path = Assets.xcassets; sourceTree = "<group>"; };
		6746B40B24727D0A0001504F /* Base */ = {isa = PBXFileReference; lastKnownFileType = file.storyboard; name = Base; path = Base.lproj/LaunchScreen.storyboard; sourceTree = "<group>"; };
		6746B40D24727D0A0001504F /* Info.plist */ = {isa = PBXFileReference; lastKnownFileType = text.plist.xml; path = Info.plist; sourceTree = "<group>"; };
		B5CFC865F669D55029183C5E /* Pods-loginPage.release.xcconfig */ = {isa = PBXFileReference; includeInIndex = 1; lastKnownFileType = text.xcconfig; name = "Pods-loginPage.release.xcconfig"; path = "Target Support Files/Pods-loginPage/Pods-loginPage.release.xcconfig"; sourceTree = "<group>"; };
/* End PBXFileReference section */

/* Begin PBXFrameworksBuildPhase section */
		6746B3F924727D010001504F /* Frameworks */ = {
			isa = PBXFrameworksBuildPhase;
			buildActionMask = 2147483647;
			files = (
				8EB04F77146C176B80A5D965 /* Pods_loginPage.framework in Frameworks */,
			);
			runOnlyForDeploymentPostprocessing = 0;
		};
/* End PBXFrameworksBuildPhase section */

/* Begin PBXGroup section */
		61DA946864E66E8114DBB7F3 /* Frameworks */ = {
			isa = PBXGroup;
			children = (
				4C48BC658A3C29A6D3BA4F98 /* Pods_loginPage.framework */,
			);
			name = Frameworks;
			sourceTree = "<group>";
		};
		6746007A24727ED60070A024 /* ViewControllers */ = {
			isa = PBXGroup;
			children = (
				6746B40324727D010001504F /* ViewController.swift */,
				6746007424727E860070A024 /* SingUpViewController.swift */,
				6746007624727EA40070A024 /* LoginViewController.swift */,
				6746007824727EC00070A024 /* HomeViewController.swift */,
			);
			path = ViewControllers;
			sourceTree = "<group>";
		};
		6746007D2472861F0070A024 /* Helpers */ = {
			isa = PBXGroup;
			children = (
				6746007B2472860D0070A024 /* Utilities.swift */,
				674600802472A8A70070A024 /* constante.swift */,
			);
			path = Helpers;
			sourceTree = "<group>";
		};
		67460082247552B00070A024 /* Media */ = {
			isa = PBXGroup;
			children = (
				67460083247552E80070A024 /* loginbg.mp4 */,
			);
			path = Media;
			sourceTree = "<group>";
		};
		6746B3F324727D010001504F = {
			isa = PBXGroup;
			children = (
				674600842475555F0070A024 /* loginbg.mp4 */,
				6746B3FE24727D010001504F /* loginPage */,
				6746B3FD24727D010001504F /* Products */,
				CFAF5F294A19016E20F3BA80 /* Pods */,
				61DA946864E66E8114DBB7F3 /* Frameworks */,
			);
			sourceTree = "<group>";
		};
		6746B3FD24727D010001504F /* Products */ = {
			isa = PBXGroup;
			children = (
				6746B3FC24727D010001504F /* loginPage.app */,
			);
			name = Products;
			sourceTree = "<group>";
		};
		6746B3FE24727D010001504F /* loginPage */ = {
			isa = PBXGroup;
			children = (
				6746B3FF24727D010001504F /* AppDelegate.swift */,
				6746B40124727D010001504F /* SceneDelegate.swift */,
				6746007D2472861F0070A024 /* Helpers */,
				67460082247552B00070A024 /* Media */,
				6746007A24727ED60070A024 /* ViewControllers */,
				6746B40524727D010001504F /* Main.storyboard */,
				6746B40824727D0A0001504F /* Assets.xcassets */,
				6746B40A24727D0A0001504F /* LaunchScreen.storyboard */,
				6746007E24728C2A0070A024 /* GoogleService-Info.plist */,
				6746B40D24727D0A0001504F /* Info.plist */,
			);
			path = loginPage;
			sourceTree = "<group>";
		};
		CFAF5F294A19016E20F3BA80 /* Pods */ = {
			isa = PBXGroup;
			children = (
				30C8AC7113B2DE451AEE5877 /* Pods-loginPage.debug.xcconfig */,
				B5CFC865F669D55029183C5E /* Pods-loginPage.release.xcconfig */,
			);
			path = Pods;
			sourceTree = "<group>";
		};
/* End PBXGroup section */

/* Begin PBXNativeTarget section */
		6746B3FB24727D010001504F /* loginPage */ = {
			isa = PBXNativeTarget;
			buildConfigurationList = 6746B41024727D0A0001504F /* Build configuration list for PBXNativeTarget "loginPage" */;
			buildPhases = (
				C4C19007A6BECA4B04C48D11 /* [CP] Check Pods Manifest.lock */,
				6746B3F824727D010001504F /* Sources */,
				6746B3F924727D010001504F /* Frameworks */,
				6746B3FA24727D010001504F /* Resources */,
				F3088BE50B970EDEB9024CEE /* [CP] Embed Pods Frameworks */,
			);
			buildRules = (
			);
			dependencies = (
			);
			name = loginPage;
			productName = loginPage;
			productReference = 6746B3FC24727D010001504F /* loginPage.app */;
			productType = "com.apple.product-type.application";
		};
/* End PBXNativeTarget section */

/* Begin PBXProject section */
		6746B3F424727D010001504F /* Project object */ = {
			isa = PBXProject;
			attributes = {
				LastSwiftUpdateCheck = 1140;
				LastUpgradeCheck = 1140;
				ORGANIZATIONNAME = "Mihail Gospodinov";
				TargetAttributes = {
					6746B3FB24727D010001504F = {
						CreatedOnToolsVersion = 11.4.1;
					};
				};
			};
			buildConfigurationList = 6746B3F724727D010001504F /* Build configuration list for PBXProject "loginPage" */;
			compatibilityVersion = "Xcode 9.3";
			developmentRegion = en;
			hasScannedForEncodings = 0;
			knownRegions = (
				en,
				Base,
			);
			mainGroup = 6746B3F324727D010001504F;
			productRefGroup = 6746B3FD24727D010001504F /* Products */;
			projectDirPath = "";
			projectRoot = "";
			targets = (
				6746B3FB24727D010001504F /* loginPage */,
			);
		};
/* End PBXProject section */

/* Begin PBXResourcesBuildPhase section */
		6746B3FA24727D010001504F /* Resources */ = {
			isa = PBXResourcesBuildPhase;
			buildActionMask = 2147483647;
			files = (
				67460085247555600070A024 /* loginbg.mp4 in Resources */,
				6746B40C24727D0A0001504F /* LaunchScreen.storyboard in Resources */,
				6746007F24728C2A0070A024 /* GoogleService-Info.plist in Resources */,
				6746B40924727D0A0001504F /* Assets.xcassets in Resources */,
				6746B40724727D010001504F /* Main.storyboard in Resources */,
			);
			runOnlyForDeploymentPostprocessing = 0;
		};
/* End PBXResourcesBuildPhase section */

/* Begin PBXShellScriptBuildPhase section */
		C4C19007A6BECA4B04C48D11 /* [CP] Check Pods Manifest.lock */ = {
			isa = PBXShellScriptBuildPhase;
			buildActionMask = 2147483647;
			files = (
			);
			inputFileListPaths = (
			);
			inputPaths = (
				"${PODS_PODFILE_DIR_PATH}/Podfile.lock",
				"${PODS_ROOT}/Manifest.lock",
			);
			name = "[CP] Check Pods Manifest.lock";
			outputFileListPaths = (
			);
			outputPaths = (
				"$(DERIVED_FILE_DIR)/Pods-loginPage-checkManifestLockResult.txt",
			);
			runOnlyForDeploymentPostprocessing = 0;
			shellPath = /bin/sh;
			shellScript = "diff \"${PODS_PODFILE_DIR_PATH}/Podfile.lock\" \"${PODS_ROOT}/Manifest.lock\" > /dev/null\nif [ $? != 0 ] ; then\n    # print error to STDERR\n    echo \"error: The sandbox is not in sync with the Podfile.lock. Run 'pod install' or update your CocoaPods installation.\" >&2\n    exit 1\nfi\n# This output is used by Xcode 'outputs' to avoid re-running this script phase.\necho \"SUCCESS\" > \"${SCRIPT_OUTPUT_FILE_0}\"\n";
			showEnvVarsInLog = 0;
		};
		F3088BE50B970EDEB9024CEE /* [CP] Embed Pods Frameworks */ = {
			isa = PBXShellScriptBuildPhase;
			buildActionMask = 2147483647;
			files = (
			);
			inputFileListPaths = (
				"${PODS_ROOT}/Target Support Files/Pods-loginPage/Pods-loginPage-frameworks-${CONFIGURATION}-input-files.xcfilelist",
			);
			name = "[CP] Embed Pods Frameworks";
			outputFileListPaths = (
				"${PODS_ROOT}/Target Support Files/Pods-loginPage/Pods-loginPage-frameworks-${CONFIGURATION}-output-files.xcfilelist",
			);
			runOnlyForDeploymentPostprocessing = 0;
			shellPath = /bin/sh;
			shellScript = "\"${PODS_ROOT}/Target Support Files/Pods-loginPage/Pods-loginPage-frameworks.sh\"\n";
			showEnvVarsInLog = 0;
		};
/* End PBXShellScriptBuildPhase section */

/* Begin PBXSourcesBuildPhase section */
		6746B3F824727D010001504F /* Sources */ = {
			isa = PBXSourcesBuildPhase;
			buildActionMask = 2147483647;
			files = (
				6746B40424727D010001504F /* ViewController.swift in Sources */,
				674600812472A8A70070A024 /* constante.swift in Sources */,
				6746B40024727D010001504F /* AppDelegate.swift in Sources */,
				6746007C2472860D0070A024 /* Utilities.swift in Sources */,
				6746007524727E860070A024 /* SingUpViewController.swift in Sources */,
				6746007724727EA40070A024 /* LoginViewController.swift in Sources */,
				6746B40224727D010001504F /* SceneDelegate.swift in Sources */,
				6746007924727EC00070A024 /* HomeViewController.swift in Sources */,
			);
			runOnlyForDeploymentPostprocessing = 0;
		};
/* End PBXSourcesBuildPhase section */

/* Begin PBXVariantGroup section */
		6746B40524727D010001504F /* Main.storyboard */ = {
			isa = PBXVariantGroup;
			children = (
				6746B40624727D010001504F /* Base */,
			);
			name = Main.storyboard;
			sourceTree = "<group>";
		};
		6746B40A24727D0A0001504F /* LaunchScreen.storyboard */ = {
			isa = PBXVariantGroup;
			children = (
				6746B40B24727D0A0001504F /* Base */,
			);
			name = LaunchScreen.storyboard;
			sourceTree = "<group>";
		};
/* End PBXVariantGroup section */

/* Begin XCBuildConfiguration section */
		6746B40E24727D0A0001504F /* Debug */ = {
			isa = XCBuildConfiguration;
			buildSettings = {
				ALWAYS_SEARCH_USER_PATHS = NO;
				CLANG_ANALYZER_NONNULL = YES;
				CLANG_ANALYZER_NUMBER_OBJECT_CONVERSION = YES_AGGRESSIVE;
				CLANG_CXX_LANGUAGE_STANDARD = "gnu++14";
				CLANG_CXX_LIBRARY = "libc++";
				CLANG_ENABLE_MODULES = YES;
				CLANG_ENABLE_OBJC_ARC = YES;
				CLANG_ENABLE_OBJC_WEAK = YES;
				CLANG_WARN_BLOCK_CAPTURE_AUTORELEASING = YES;
				CLANG_WARN_BOOL_CONVERSION = YES;
				CLANG_WARN_COMMA = YES;
				CLANG_WARN_CONSTANT_CONVERSION = YES;
				CLANG_WARN_DEPRECATED_OBJC_IMPLEMENTATIONS = YES;
				CLANG_WARN_DIRECT_OBJC_ISA_USAGE = YES_ERROR;
				CLANG_WARN_DOCUMENTATION_COMMENTS = YES;
				CLANG_WARN_EMPTY_BODY = YES;
				CLANG_WARN_ENUM_CONVERSION = YES;
				CLANG_WARN_INFINITE_RECURSION = YES;
				CLANG_WARN_INT_CONVERSION = YES;
				CLANG_WARN_NON_LITERAL_NULL_CONVERSION = YES;
				CLANG_WARN_OBJC_IMPLICIT_RETAIN_SELF = YES;
				CLANG_WARN_OBJC_LITERAL_CONVERSION = YES;
				CLANG_WARN_OBJC_ROOT_CLASS = YES_ERROR;
				CLANG_WARN_RANGE_LOOP_ANALYSIS = YES;
				CLANG_WARN_STRICT_PROTOTYPES = YES;
				CLANG_WARN_SUSPICIOUS_MOVE = YES;
				CLANG_WARN_UNGUARDED_AVAILABILITY = YES_AGGRESSIVE;
				CLANG_WARN_UNREACHABLE_CODE = YES;
				CLANG_WARN__DUPLICATE_METHOD_MATCH = YES;
				COPY_PHASE_STRIP = NO;
				DEBUG_INFORMATION_FORMAT = dwarf;
				ENABLE_STRICT_OBJC_MSGSEND = YES;
				ENABLE_TESTABILITY = YES;
				GCC_C_LANGUAGE_STANDARD = gnu11;
				GCC_DYNAMIC_NO_PIC = NO;
				GCC_NO_COMMON_BLOCKS = YES;
				GCC_OPTIMIZATION_LEVEL = 0;
				GCC_PREPROCESSOR_DEFINITIONS = (
					"DEBUG=1",
					"$(inherited)",
				);
				GCC_WARN_64_TO_32_BIT_CONVERSION = YES;
				GCC_WARN_ABOUT_RETURN_TYPE = YES_ERROR;
				GCC_WARN_UNDECLARED_SELECTOR = YES;
				GCC_WARN_UNINITIALIZED_AUTOS = YES_AGGRESSIVE;
				GCC_WARN_UNUSED_FUNCTION = YES;
				GCC_WARN_UNUSED_VARIABLE = YES;
				IPHONEOS_DEPLOYMENT_TARGET = 13.4;
				MTL_ENABLE_DEBUG_INFO = INCLUDE_SOURCE;
				MTL_FAST_MATH = YES;
				ONLY_ACTIVE_ARCH = YES;
				SDKROOT = iphoneos;
				SWIFT_ACTIVE_COMPILATION_CONDITIONS = DEBUG;
				SWIFT_OPTIMIZATION_LEVEL = "-Onone";
			};
			name = Debug;
		};
		6746B40F24727D0A0001504F /* Release */ = {
			isa = XCBuildConfiguration;
			buildSettings = {
				ALWAYS_SEARCH_USER_PATHS = NO;
				CLANG_ANALYZER_NONNULL = YES;
				CLANG_ANALYZER_NUMBER_OBJECT_CONVERSION = YES_AGGRESSIVE;
				CLANG_CXX_LANGUAGE_STANDARD = "gnu++14";
				CLANG_CXX_LIBRARY = "libc++";
				CLANG_ENABLE_MODULES = YES;
				CLANG_ENABLE_OBJC_ARC = YES;
				CLANG_ENABLE_OBJC_WEAK = YES;
				CLANG_WARN_BLOCK_CAPTURE_AUTORELEASING = YES;
				CLANG_WARN_BOOL_CONVERSION = YES;
				CLANG_WARN_COMMA = YES;
				CLANG_WARN_CONSTANT_CONVERSION = YES;
				CLANG_WARN_DEPRECATED_OBJC_IMPLEMENTATIONS = YES;
				CLANG_WARN_DIRECT_OBJC_ISA_USAGE = YES_ERROR;
				CLANG_WARN_DOCUMENTATION_COMMENTS = YES;
				CLANG_WARN_EMPTY_BODY = YES;
				CLANG_WARN_ENUM_CONVERSION = YES;
				CLANG_WARN_INFINITE_RECURSION = YES;
				CLANG_WARN_INT_CONVERSION = YES;
				CLANG_WARN_NON_LITERAL_NULL_CONVERSION = YES;
				CLANG_WARN_OBJC_IMPLICIT_RETAIN_SELF = YES;
				CLANG_WARN_OBJC_LITERAL_CONVERSION = YES;
				CLANG_WARN_OBJC_ROOT_CLASS = YES_ERROR;
				CLANG_WARN_RANGE_LOOP_ANALYSIS = YES;
				CLANG_WARN_STRICT_PROTOTYPES = YES;
				CLANG_WARN_SUSPICIOUS_MOVE = YES;
				CLANG_WARN_UNGUARDED_AVAILABILITY = YES_AGGRESSIVE;
				CLANG_WARN_UNREACHABLE_CODE = YES;
				CLANG_WARN__DUPLICATE_METHOD_MATCH = YES;
				COPY_PHASE_STRIP = NO;
				DEBUG_INFORMATION_FORMAT = "dwarf-with-dsym";
				ENABLE_NS_ASSERTIONS = NO;
				ENABLE_STRICT_OBJC_MSGSEND = YES;
				GCC_C_LANGUAGE_STANDARD = gnu11;
				GCC_NO_COMMON_BLOCKS = YES;
				GCC_WARN_64_TO_32_BIT_CONVERSION = YES;
				GCC_WARN_ABOUT_RETURN_TYPE = YES_ERROR;
				GCC_WARN_UNDECLARED_SELECTOR = YES;
				GCC_WARN_UNINITIALIZED_AUTOS = YES_AGGRESSIVE;
				GCC_WARN_UNUSED_FUNCTION = YES;
				GCC_WARN_UNUSED_VARIABLE = YES;
				IPHONEOS_DEPLOYMENT_TARGET = 13.4;
				MTL_ENABLE_DEBUG_INFO = NO;
				MTL_FAST_MATH = YES;
				SDKROOT = iphoneos;
				SWIFT_COMPILATION_MODE = wholemodule;
				SWIFT_OPTIMIZATION_LEVEL = "-O";
				VALIDATE_PRODUCT = YES;
			};
			name = Release;
		};
		6746B41124727D0A0001504F /* Debug */ = {
			isa = XCBuildConfiguration;
			baseConfigurationReference = 30C8AC7113B2DE451AEE5877 /* Pods-loginPage.debug.xcconfig */;
			buildSettings = {
				ASSETCATALOG_COMPILER_APPICON_NAME = AppIcon;
				CODE_SIGN_STYLE = Automatic;
				DEVELOPMENT_TEAM = M86V7LPG7G;
				INFOPLIST_FILE = loginPage/Info.plist;
				LD_RUNPATH_SEARCH_PATHS = (
					"$(inherited)",
					"@executable_path/Frameworks",
				);
				PRODUCT_BUNDLE_IDENTIFIER = "Mihail-Gospodinov.loginPage";
				PRODUCT_NAME = "$(TARGET_NAME)";
				SWIFT_VERSION = 5.0;
				TARGETED_DEVICE_FAMILY = "1,2";
			};
			name = Debug;
		};
		6746B41224727D0A0001504F /* Release */ = {
			isa = XCBuildConfiguration;
			baseConfigurationReference = B5CFC865F669D55029183C5E /* Pods-loginPage.release.xcconfig */;
			buildSettings = {
				ASSETCATALOG_COMPILER_APPICON_NAME = AppIcon;
				CODE_SIGN_STYLE = Automatic;
				DEVELOPMENT_TEAM = M86V7LPG7G;
				INFOPLIST_FILE = loginPage/Info.plist;
				LD_RUNPATH_SEARCH_PATHS = (
					"$(inherited)",
					"@executable_path/Frameworks",
				);
				PRODUCT_BUNDLE_IDENTIFIER = "Mihail-Gospodinov.loginPage";
				PRODUCT_NAME = "$(TARGET_NAME)";
				SWIFT_VERSION = 5.0;
				TARGETED_DEVICE_FAMILY = "1,2";
			};
			name = Release;
		};
/* End XCBuildConfiguration section */

/* Begin XCConfigurationList section */
		6746B3F724727D010001504F /* Build configuration list for PBXProject "loginPage" */ = {
			isa = XCConfigurationList;
			buildConfigurations = (
				6746B40E24727D0A0001504F /* Debug */,
				6746B40F24727D0A0001504F /* Release */,
			);
			defaultConfigurationIsVisible = 0;
			defaultConfigurationName = Release;
		};
		6746B41024727D0A0001504F /* Build configuration list for PBXNativeTarget "loginPage" */ = {
			isa = XCConfigurationList;
			buildConfigurations = (
				6746B41124727D0A0001504F /* Debug */,
				6746B41224727D0A0001504F /* Release */,
			);
			defaultConfigurationIsVisible = 0;
			defaultConfigurationName = Release;
		};
/* End XCConfigurationList section */
	};
	rootObject = 6746B3F424727D010001504F /* Project object */;
}
